
Microsoft Visual Studio Solution File, Format Version 12.00
# Visual Studio 15
VisualStudioVersion = 15.0.26430.15
MinimumVisualStudioVersion = 10.0.40219.1
Project("{9A19103F-16F7-4668-BE54-9A1E7A4F7556}") = "DBSCAN", "DBSCAN\DBSCAN.csproj", "{9F7EE36B-5A04-428C-8C03-F15902890EA9}"
EndProject
Project("{2150E333-8FDC-42A3-9474-1A3956D46DE8}") = "Solution Items", "Solution Items", "{AED5B214-C54E-423B-9A6E-F0A7F55860F2}"
	ProjectSection(SolutionItems) = preProject
		.editorconfig = .editorconfig
		appveyor.yml = appveyor.yml
		README.md = README.md
	EndProjectSection
EndProject
Project("{9A19103F-16F7-4668-BE54-9A1E7A4F7556}") = "DBSCAN.Test", "DBSCAN.Test\DBSCAN.Test.csproj", "{DFC7028A-4566-45D0-85D3-1932A3FBD34A}"
EndProject
Project("{9A19103F-16F7-4668-BE54-9A1E7A4F7556}") = "DBSCAN.RBush", "DBSCAN.RBush\DBSCAN.RBush.csproj", "{F226E9AF-7FAB-44AE-9D39-1F3E91F9C747}"
EndProject
Global
	GlobalSection(SolutionConfigurationPlatforms) = preSolution
		Debug|Any CPU = Debug|Any CPU
		Release|Any CPU = Release|Any CPU
	EndGlobalSection
	GlobalSection(ProjectConfigurationPlatforms) = postSolution
		{9F7EE36B-5A04-428C-8C03-F15902890EA9}.Debug|Any CPU.ActiveCfg = Debug|Any CPU
		{9F7EE36B-5A04-428C-8C03-F15902890EA9}.Debug|Any CPU.Build.0 = Debug|Any CPU
		{9F7EE36B-5A04-428C-8C03-F15902890EA9}.Release|Any CPU.ActiveCfg = Release|Any CPU
		{9F7EE36B-5A04-428C-8C03-F15902890EA9}.Release|Any CPU.Build.0 = Release|Any CPU
		{DFC7028A-4566-45D0-85D3-1932A3FBD34A}.Debug|Any CPU.ActiveCfg = Debug|Any CPU
		{DFC7028A-4566-45D0-85D3-1932A3FBD34A}.Debug|Any CPU.Build.0 = Debug|Any CPU
		{DFC7028A-4566-45D0-85D3-1932A3FBD34A}.Release|Any CPU.ActiveCfg = Release|Any CPU
		{DFC7028A-4566-45D0-85D3-1932A3FBD34A}.Release|Any CPU.Build.0 = Release|Any CPU
		{F226E9AF-7FAB-44AE-9D39-1F3E91F9C747}.Debug|Any CPU.ActiveCfg = Debug|Any CPU
		{F226E9AF-7FAB-44AE-9D39-1F3E91F9C747}.Debug|Any CPU.Build.0 = Debug|Any CPU
		{F226E9AF-7FAB-44AE-9D39-1F3E91F9C747}.Release|Any CPU.ActiveCfg = Release|Any CPU
		{F226E9AF-7FAB-44AE-9D39-1F3E91F9C747}.Release|Any CPU.Build.0 = Release|Any CPU
	EndGlobalSection
	GlobalSection(SolutionProperties) = preSolution
		HideSolutionNode = FALSE
	EndGlobalSection
	GlobalSection(ExtensibilityGlobals) = postSolution
		SolutionGuid = {CA997708-C512-4004-94CA-63B3CAC3C740}
	EndGlobalSection
EndGlobal
